// !$*UTF8*$!
{
	archiveVersion = 1;
	classes = {
	};
	objectVersion = 48;
	objects = {

/* Begin PBXBuildFile section */
		4C9DE24F1FE8E15600BBF7CF /* AppDelegate.swift in Sources */ = {isa = PBXBuildFile; fileRef = 4C9DE24E1FE8E15600BBF7CF /* AppDelegate.swift */; };
		4C9DE2511FE8E15600BBF7CF /* ToDoListTableViewController.swift in Sources */ = {isa = PBXBuildFile; fileRef = 4C9DE2501FE8E15600BBF7CF /* ToDoListTableViewController.swift */; };
		4C9DE2541FE8E15600BBF7CF /* Main.storyboard in Resources */ = {isa = PBXBuildFile; fileRef = 4C9DE2521FE8E15600BBF7CF /* Main.storyboard */; };
		4C9DE2561FE8E15600BBF7CF /* Assets.xcassets in Resources */ = {isa = PBXBuildFile; fileRef = 4C9DE2551FE8E15600BBF7CF /* Assets.xcassets */; };
		4C9DE2591FE8E15600BBF7CF /* LaunchScreen.storyboard in Resources */ = {isa = PBXBuildFile; fileRef = 4C9DE2571FE8E15600BBF7CF /* LaunchScreen.storyboard */; };
		4C9DE2671FEA1B4200BBF7CF /* DataModel.xcdatamodeld in Sources */ = {isa = PBXBuildFile; fileRef = 4C9DE2651FEA1B4200BBF7CF /* DataModel.xcdatamodeld */; };
		4C9DE28A1FEABF4F00BBF7CF /* CategoryTableViewController.swift in Sources */ = {isa = PBXBuildFile; fileRef = 4C9DE2891FEABF4F00BBF7CF /* CategoryTableViewController.swift */; };
		74FA1BC414AB8FD631844EB5 /* Pods_ToDory.framework in Frameworks */ = {isa = PBXBuildFile; fileRef = A2FE3E95442F0CCB3EFA3456 /* Pods_ToDory.framework */; };
/* End PBXBuildFile section */

/* Begin PBXFileReference section */
		4C9DE24B1FE8E15600BBF7CF /* ToDory.app */ = {isa = PBXFileReference; explicitFileType = wrapper.application; includeInIndex = 0; path = ToDory.app; sourceTree = BUILT_PRODUCTS_DIR; };
		4C9DE24E1FE8E15600BBF7CF /* AppDelegate.swift */ = {isa = PBXFileReference; lastKnownFileType = sourcecode.swift; path = AppDelegate.swift; sourceTree = "<group>"; };
		4C9DE2501FE8E15600BBF7CF /* ToDoListTableViewController.swift */ = {isa = PBXFileReference; lastKnownFileType = sourcecode.swift; path = ToDoListTableViewController.swift; sourceTree = "<group>"; };
		4C9DE2531FE8E15600BBF7CF /* Base */ = {isa = PBXFileReference; lastKnownFileType = file.storyboard; name = Base; path = Base.lproj/Main.storyboard; sourceTree = "<group>"; };
		4C9DE2551FE8E15600BBF7CF /* Assets.xcassets */ = {isa = PBXFileReference; lastKnownFileType = folder.assetcatalog; path = Assets.xcassets; sourceTree = "<group>"; };
		4C9DE2581FE8E15600BBF7CF /* Base */ = {isa = PBXFileReference; lastKnownFileType = file.storyboard; name = Base; path = Base.lproj/LaunchScreen.storyboard; sourceTree = "<group>"; };
		4C9DE25A1FE8E15600BBF7CF /* Info.plist */ = {isa = PBXFileReference; lastKnownFileType = text.plist.xml; path = Info.plist; sourceTree = "<group>"; };
		4C9DE2661FEA1B4200BBF7CF /* DataModel.xcdatamodel */ = {isa = PBXFileReference; lastKnownFileType = wrapper.xcdatamodel; path = DataModel.xcdatamodel; sourceTree = "<group>"; };
		4C9DE2891FEABF4F00BBF7CF /* CategoryTableViewController.swift */ = {isa = PBXFileReference; lastKnownFileType = sourcecode.swift; path = CategoryTableViewController.swift; sourceTree = "<group>"; };
		A2FE3E95442F0CCB3EFA3456 /* Pods_ToDory.framework */ = {isa = PBXFileReference; explicitFileType = wrapper.framework; includeInIndex = 0; path = Pods_ToDory.framework; sourceTree = BUILT_PRODUCTS_DIR; };
		DA288167403D2FFB8E6C2000 /* Pods-ToDory.debug.xcconfig */ = {isa = PBXFileReference; includeInIndex = 1; lastKnownFileType = text.xcconfig; name = "Pods-ToDory.debug.xcconfig"; path = "Pods/Target Support Files/Pods-ToDory/Pods-ToDory.debug.xcconfig"; sourceTree = "<group>"; };
		E58746348ECBA2E3A8FE926B /* Pods-ToDory.release.xcconfig */ = {isa = PBXFileReference; includeInIndex = 1; lastKnownFileType = text.xcconfig; name = "Pods-ToDory.release.xcconfig"; path = "Pods/Target Support Files/Pods-ToDory/Pods-ToDory.release.xcconfig"; sourceTree = "<group>"; };
/* End PBXFileReference section */

/* Begin PBXFrameworksBuildPhase section */
		4C9DE2481FE8E15600BBF7CF /* Frameworks */ = {
			isa = PBXFrameworksBuildPhase;
			buildActionMask = 2147483647;
			files = (
				74FA1BC414AB8FD631844EB5 /* Pods_ToDory.framework in Frameworks */,
			);
			runOnlyForDeploymentPostprocessing = 0;
		};
/* End PBXFrameworksBuildPhase section */

/* Begin PBXGroup section */
		0C5547BA9E0CE0F6D41C196E /* Frameworks */ = {
			isa = PBXGroup;
			children = (
				A2FE3E95442F0CCB3EFA3456 /* Pods_ToDory.framework */,
			);
			name = Frameworks;
			sourceTree = "<group>";
		};
		13C1F6C39068EE86C942391F /* Pods */ = {
			isa = PBXGroup;
			children = (
				DA288167403D2FFB8E6C2000 /* Pods-ToDory.debug.xcconfig */,
				E58746348ECBA2E3A8FE926B /* Pods-ToDory.release.xcconfig */,
			);
			name = Pods;
			sourceTree = "<group>";
		};
		4C9DE2421FE8E15600BBF7CF = {
			isa = PBXGroup;
			children = (
				4C9DE24D1FE8E15600BBF7CF /* ToDory */,
				4C9DE24C1FE8E15600BBF7CF /* Products */,
				13C1F6C39068EE86C942391F /* Pods */,
				0C5547BA9E0CE0F6D41C196E /* Frameworks */,
			);
			sourceTree = "<group>";
		};
		4C9DE24C1FE8E15600BBF7CF /* Products */ = {
			isa = PBXGroup;
			children = (
				4C9DE24B1FE8E15600BBF7CF /* ToDory.app */,
			);
			name = Products;
			sourceTree = "<group>";
		};
		4C9DE24D1FE8E15600BBF7CF /* ToDory */ = {
			isa = PBXGroup;
			children = (
				4C9DE24E1FE8E15600BBF7CF /* AppDelegate.swift */,
				4C9DE2631FE914B900BBF7CF /* Controller */,
				4C9DE2621FE9002C00BBF7CF /* Data Model */,
				4C9DE2641FE914D400BBF7CF /* View */,
				4C9DE2551FE8E15600BBF7CF /* Assets.xcassets */,
				4C9DE2571FE8E15600BBF7CF /* LaunchScreen.storyboard */,
				4C9DE25A1FE8E15600BBF7CF /* Info.plist */,
			);
			path = ToDory;
			sourceTree = "<group>";
		};
		4C9DE2621FE9002C00BBF7CF /* Data Model */ = {
			isa = PBXGroup;
			children = (
				4C9DE2651FEA1B4200BBF7CF /* DataModel.xcdatamodeld */,
			);
			path = "Data Model";
			sourceTree = "<group>";
		};
		4C9DE2631FE914B900BBF7CF /* Controller */ = {
			isa = PBXGroup;
			children = (
				4C9DE2891FEABF4F00BBF7CF /* CategoryTableViewController.swift */,
				4C9DE2501FE8E15600BBF7CF /* ToDoListTableViewController.swift */,
			);
			path = Controller;
			sourceTree = "<group>";
		};
		4C9DE2641FE914D400BBF7CF /* View */ = {
			isa = PBXGroup;
			children = (
				4C9DE2521FE8E15600BBF7CF /* Main.storyboard */,
			);
			path = View;
			sourceTree = "<group>";
		};
/* End PBXGroup section */

/* Begin PBXNativeTarget section */
		4C9DE24A1FE8E15600BBF7CF /* ToDory */ = {
			isa = PBXNativeTarget;
			buildConfigurationList = 4C9DE25D1FE8E15600BBF7CF /* Build configuration list for PBXNativeTarget "ToDory" */;
			buildPhases = (
				E7B13AE524FE90743DD367F5 /* [CP] Check Pods Manifest.lock */,
				4C9DE2471FE8E15600BBF7CF /* Sources */,
				4C9DE2481FE8E15600BBF7CF /* Frameworks */,
				4C9DE2491FE8E15600BBF7CF /* Resources */,
				5843BE75BB61AB3212B93982 /* [CP] Embed Pods Frameworks */,
				EB8C958F2A628488D0E26078 /* [CP] Copy Pods Resources */,
			);
			buildRules = (
			);
			dependencies = (
			);
			name = ToDory;
			productName = ToDory;
			productReference = 4C9DE24B1FE8E15600BBF7CF /* ToDory.app */;
			productType = "com.apple.product-type.application";
		};
/* End PBXNativeTarget section */

/* Begin PBXProject section */
		4C9DE2431FE8E15600BBF7CF /* Project object */ = {
			isa = PBXProject;
			attributes = {
				LastSwiftUpdateCheck = 0920;
				LastUpgradeCheck = 0920;
				ORGANIZATIONNAME = Michael;
				TargetAttributes = {
					4C9DE24A1FE8E15600BBF7CF = {
						CreatedOnToolsVersion = 9.2;
						ProvisioningStyle = Automatic;
					};
				};
			};
			buildConfigurationList = 4C9DE2461FE8E15600BBF7CF /* Build configuration list for PBXProject "ToDory" */;
			compatibilityVersion = "Xcode 8.0";
			developmentRegion = en;
			hasScannedForEncodings = 0;
			knownRegions = (
				en,
				Base,
			);
			mainGroup = 4C9DE2421FE8E15600BBF7CF;
			productRefGroup = 4C9DE24C1FE8E15600BBF7CF /* Products */;
			projectDirPath = "";
			projectRoot = "";
			targets = (
				4C9DE24A1FE8E15600BBF7CF /* ToDory */,
			);
		};
/* End PBXProject section */

/* Begin PBXResourcesBuildPhase section */
		4C9DE2491FE8E15600BBF7CF /* Resources */ = {
			isa = PBXResourcesBuildPhase;
			buildActionMask = 2147483647;
			files = (
				4C9DE2591FE8E15600BBF7CF /* LaunchScreen.storyboard in Resources */,
				4C9DE2561FE8E15600BBF7CF /* Assets.xcassets in Resources */,
				4C9DE2541FE8E15600BBF7CF /* Main.storyboard in Resources */,
			);
			runOnlyForDeploymentPostprocessing = 0;
		};
/* End PBXResourcesBuildPhase section */

/* Begin PBXShellScriptBuildPhase section */
		5843BE75BB61AB3212B93982 /* [CP] Embed Pods Frameworks */ = {
			isa = PBXShellScriptBuildPhase;
			buildActionMask = 2147483647;
			files = (
			);
			inputPaths = (
				"${SRCROOT}/Pods/Target Support Files/Pods-ToDory/Pods-ToDory-frameworks.sh",
				"${BUILT_PRODUCTS_DIR}/Realm/Realm.framework",
				"${BUILT_PRODUCTS_DIR}/RealmSwift/RealmSwift.framework",
			);
			name = "[CP] Embed Pods Frameworks";
			outputPaths = (
				"${TARGET_BUILD_DIR}/${FRAMEWORKS_FOLDER_PATH}/Realm.framework",
				"${TARGET_BUILD_DIR}/${FRAMEWORKS_FOLDER_PATH}/RealmSwift.framework",
			);
			runOnlyForDeploymentPostprocessing = 0;
			shellPath = /bin/sh;
			shellScript = "\"${SRCROOT}/Pods/Target Support Files/Pods-ToDory/Pods-ToDory-frameworks.sh\"\n";
			showEnvVarsInLog = 0;
		};
		E7B13AE524FE90743DD367F5 /* [CP] Check Pods Manifest.lock */ = {
			isa = PBXShellScriptBuildPhase;
			buildActionMask = 2147483647;
			files = (
			);
			inputPaths = (
				"${PODS_PODFILE_DIR_PATH}/Podfile.lock",
				"${PODS_ROOT}/Manifest.lock",
			);
			name = "[CP] Check Pods Manifest.lock";
			outputPaths = (
				"$(DERIVED_FILE_DIR)/Pods-ToDory-checkManifestLockResult.txt",
			);
			runOnlyForDeploymentPostprocessing = 0;
			shellPath = /bin/sh;
			shellScript = "diff \"${PODS_PODFILE_DIR_PATH}/Podfile.lock\" \"${PODS_ROOT}/Manifest.lock\" > /dev/null\nif [ $? != 0 ] ; then\n    # print error to STDERR\n    echo \"error: The sandbox is not in sync with the Podfile.lock. Run 'pod install' or update your CocoaPods installation.\" >&2\n    exit 1\nfi\n# This output is used by Xcode 'outputs' to avoid re-running this script phase.\necho \"SUCCESS\" > \"${SCRIPT_OUTPUT_FILE_0}\"\n";
			showEnvVarsInLog = 0;
		};
		EB8C958F2A628488D0E26078 /* [CP] Copy Pods Resources */ = {
			isa = PBXShellScriptBuildPhase;
			buildActionMask = 2147483647;
			files = (
			);
			inputPaths = (
			);
			name = "[CP] Copy Pods Resources";
			outputPaths = (
			);
			runOnlyForDeploymentPostprocessing = 0;
			shellPath = /bin/sh;
			shellScript = "\"${SRCROOT}/Pods/Target Support Files/Pods-ToDory/Pods-ToDory-resources.sh\"\n";
			showEnvVarsInLog = 0;
		};
/* End PBXShellScriptBuildPhase section */

/* Begin PBXSourcesBuildPhase section */
		4C9DE2471FE8E15600BBF7CF /* Sources */ = {
			isa = PBXSourcesBuildPhase;
			buildActionMask = 2147483647;
			files = (
				4C9DE2511FE8E15600BBF7CF /* ToDoListTableViewController.swift in Sources */,
				4C9DE2671FEA1B4200BBF7CF /* DataModel.xcdatamodeld in Sources */,
				4C9DE24F1FE8E15600BBF7CF /* AppDelegate.swift in Sources */,
				4C9DE28A1FEABF4F00BBF7CF /* CategoryTableViewController.swift in Sources */,
			);
			runOnlyForDeploymentPostprocessing = 0;
		};
/* End PBXSourcesBuildPhase section */

/* Begin PBXVariantGroup section */
		4C9DE2521FE8E15600BBF7CF /* Main.storyboard */ = {
			isa = PBXVariantGroup;
			children = (
				4C9DE2531FE8E15600BBF7CF /* Base */,
			);
			name = Main.storyboard;
			sourceTree = "<group>";
		};
		4C9DE2571FE8E15600BBF7CF /* LaunchScreen.storyboard */ = {
			isa = PBXVariantGroup;
			children = (
				4C9DE2581FE8E15600BBF7CF /* Base */,
			);
			name = LaunchScreen.storyboard;
			sourceTree = "<group>";
		};
/* End PBXVariantGroup section */

/* Begin XCBuildConfiguration section */
		4C9DE25B1FE8E15600BBF7CF /* Debug */ = {
			isa = XCBuildConfiguration;
			buildSettings = {
				ALWAYS_SEARCH_USER_PATHS = NO;
				CLANG_ANALYZER_NONNULL = YES;
				CLANG_ANALYZER_NUMBER_OBJECT_CONVERSION = YES_AGGRESSIVE;
				CLANG_CXX_LANGUAGE_STANDARD = "gnu++14";
				CLANG_CXX_LIBRARY = "libc++";
				CLANG_ENABLE_MODULES = YES;
				CLANG_ENABLE_OBJC_ARC = YES;
				CLANG_WARN_BLOCK_CAPTURE_AUTORELEASING = YES;
				CLANG_WARN_BOOL_CONVERSION = YES;
				CLANG_WARN_COMMA = YES;
				CLANG_WARN_CONSTANT_CONVERSION = YES;
				CLANG_WARN_DIRECT_OBJC_ISA_USAGE = YES_ERROR;
				CLANG_WARN_DOCUMENTATION_COMMENTS = YES;
				CLANG_WARN_EMPTY_BODY = YES;
				CLANG_WARN_ENUM_CONVERSION = YES;
				CLANG_WARN_INFINITE_RECURSION = YES;
				CLANG_WARN_INT_CONVERSION = YES;
				CLANG_WARN_NON_LITERAL_NULL_CONVERSION = YES;
				CLANG_WARN_OBJC_LITERAL_CONVERSION = YES;
				CLANG_WARN_OBJC_ROOT_CLASS = YES_ERROR;
				CLANG_WARN_RANGE_LOOP_ANALYSIS = YES;
				CLANG_WARN_STRICT_PROTOTYPES = YES;
				CLANG_WARN_SUSPICIOUS_MOVE = YES;
				CLANG_WARN_UNGUARDED_AVAILABILITY = YES_AGGRESSIVE;
				CLANG_WARN_UNREACHABLE_CODE = YES;
				CLANG_WARN__DUPLICATE_METHOD_MATCH = YES;
				CODE_SIGN_IDENTITY = "iPhone Developer";
				COPY_PHASE_STRIP = NO;
				DEBUG_INFORMATION_FORMAT = dwarf;
				ENABLE_STRICT_OBJC_MSGSEND = YES;
				ENABLE_TESTABILITY = YES;
				GCC_C_LANGUAGE_STANDARD = gnu11;
				GCC_DYNAMIC_NO_PIC = NO;
				GCC_NO_COMMON_BLOCKS = YES;
				GCC_OPTIMIZATION_LEVEL = 0;
				GCC_PREPROCESSOR_DEFINITIONS = (
					"DEBUG=1",
					"$(inherited)",
				);
				GCC_WARN_64_TO_32_BIT_CONVERSION = YES;
				GCC_WARN_ABOUT_RETURN_TYPE = YES_ERROR;
				GCC_WARN_UNDECLARED_SELECTOR = YES;
				GCC_WARN_UNINITIALIZED_AUTOS = YES_AGGRESSIVE;
				GCC_WARN_UNUSED_FUNCTION = YES;
				GCC_WARN_UNUSED_VARIABLE = YES;
				IPHONEOS_DEPLOYMENT_TARGET = 11.2;
				MTL_ENABLE_DEBUG_INFO = YES;
				ONLY_ACTIVE_ARCH = YES;
				SDKROOT = iphoneos;
				SWIFT_ACTIVE_COMPILATION_CONDITIONS = DEBUG;
				SWIFT_OPTIMIZATION_LEVEL = "-Onone";
			};
			name = Debug;
		};
		4C9DE25C1FE8E15600BBF7CF /* Release */ = {
			isa = XCBuildConfiguration;
			buildSettings = {
				ALWAYS_SEARCH_USER_PATHS = NO;
				CLANG_ANALYZER_NONNULL = YES;
				CLANG_ANALYZER_NUMBER_OBJECT_CONVERSION = YES_AGGRESSIVE;
				CLANG_CXX_LANGUAGE_STANDARD = "gnu++14";
				CLANG_CXX_LIBRARY = "libc++";
				CLANG_ENABLE_MODULES = YES;
				CLANG_ENABLE_OBJC_ARC = YES;
				CLANG_WARN_BLOCK_CAPTURE_AUTORELEASING = YES;
				CLANG_WARN_BOOL_CONVERSION = YES;
				CLANG_WARN_COMMA = YES;
				CLANG_WARN_CONSTANT_CONVERSION = YES;
				CLANG_WARN_DIRECT_OBJC_ISA_USAGE = YES_ERROR;
				CLANG_WARN_DOCUMENTATION_COMMENTS = YES;
				CLANG_WARN_EMPTY_BODY = YES;
				CLANG_WARN_ENUM_CONVERSION = YES;
				CLANG_WARN_INFINITE_RECURSION = YES;
				CLANG_WARN_INT_CONVERSION = YES;
				CLANG_WARN_NON_LITERAL_NULL_CONVERSION = YES;
				CLANG_WARN_OBJC_LITERAL_CONVERSION = YES;
				CLANG_WARN_OBJC_ROOT_CLASS = YES_ERROR;
				CLANG_WARN_RANGE_LOOP_ANALYSIS = YES;
				CLANG_WARN_STRICT_PROTOTYPES = YES;
				CLANG_WARN_SUSPICIOUS_MOVE = YES;
				CLANG_WARN_UNGUARDED_AVAILABILITY = YES_AGGRESSIVE;
				CLANG_WARN_UNREACHABLE_CODE = YES;
				CLANG_WARN__DUPLICATE_METHOD_MATCH = YES;
				CODE_SIGN_IDENTITY = "iPhone Developer";
				COPY_PHASE_STRIP = NO;
				DEBUG_INFORMATION_FORMAT = "dwarf-with-dsym";
				ENABLE_NS_ASSERTIONS = NO;
				ENABLE_STRICT_OBJC_MSGSEND = YES;
				GCC_C_LANGUAGE_STANDARD = gnu11;
				GCC_NO_COMMON_BLOCKS = YES;
				GCC_WARN_64_TO_32_BIT_CONVERSION = YES;
				GCC_WARN_ABOUT_RETURN_TYPE = YES_ERROR;
				GCC_WARN_UNDECLARED_SELECTOR = YES;
				GCC_WARN_UNINITIALIZED_AUTOS = YES_AGGRESSIVE;
				GCC_WARN_UNUSED_FUNCTION = YES;
				GCC_WARN_UNUSED_VARIABLE = YES;
				IPHONEOS_DEPLOYMENT_TARGET = 11.2;
				MTL_ENABLE_DEBUG_INFO = NO;
				SDKROOT = iphoneos;
				SWIFT_OPTIMIZATION_LEVEL = "-Owholemodule";
				VALIDATE_PRODUCT = YES;
			};
			name = Release;
		};
		4C9DE25E1FE8E15600BBF7CF /* Debug */ = {
			isa = XCBuildConfiguration;
			baseConfigurationReference = DA288167403D2FFB8E6C2000 /* Pods-ToDory.debug.xcconfig */;
			buildSettings = {
				ASSETCATALOG_COMPILER_APPICON_NAME = AppIcon;
				CODE_SIGN_STYLE = Automatic;
				DEVELOPMENT_TEAM = 58T47UWED5;
				INFOPLIST_FILE = ToDory/Info.plist;
				LD_RUNPATH_SEARCH_PATHS = "$(inherited) @executable_path/Frameworks";
				PRODUCT_BUNDLE_IDENTIFIER = MKBE.ToDory;
				PRODUCT_NAME = "$(TARGET_NAME)";
				SWIFT_VERSION = 4.0;
				TARGETED_DEVICE_FAMILY = "1,2";
			};
			name = Debug;
		};
		4C9DE25F1FE8E15600BBF7CF /* Release */ = {
			isa = XCBuildConfiguration;
			baseConfigurationReference = E58746348ECBA2E3A8FE926B /* Pods-ToDory.release.xcconfig */;
			buildSettings = {
				ASSETCATALOG_COMPILER_APPICON_NAME = AppIcon;
				CODE_SIGN_STYLE = Automatic;
				DEVELOPMENT_TEAM = 58T47UWED5;
				INFOPLIST_FILE = ToDory/Info.plist;
				LD_RUNPATH_SEARCH_PATHS = "$(inherited) @executable_path/Frameworks";
				PRODUCT_BUNDLE_IDENTIFIER = MKBE.ToDory;
				PRODUCT_NAME = "$(TARGET_NAME)";
				SWIFT_VERSION = 4.0;
				TARGETED_DEVICE_FAMILY = "1,2";
			};
			name = Release;
		};
/* End XCBuildConfiguration section */

/* Begin XCConfigurationList section */
		4C9DE2461FE8E15600BBF7CF /* Build configuration list for PBXProject "ToDory" */ = {
			isa = XCConfigurationList;
			buildConfigurations = (
				4C9DE25B1FE8E15600BBF7CF /* Debug */,
				4C9DE25C1FE8E15600BBF7CF /* Release */,
			);
			defaultConfigurationIsVisible = 0;
			defaultConfigurationName = Release;
		};
		4C9DE25D1FE8E15600BBF7CF /* Build configuration list for PBXNativeTarget "ToDory" */ = {
			isa = XCConfigurationList;
			buildConfigurations = (
				4C9DE25E1FE8E15600BBF7CF /* Debug */,
				4C9DE25F1FE8E15600BBF7CF /* Release */,
			);
			defaultConfigurationIsVisible = 0;
			defaultConfigurationName = Release;
		};
/* End XCConfigurationList section */

/* Begin XCVersionGroup section */
		4C9DE2651FEA1B4200BBF7CF /* DataModel.xcdatamodeld */ = {
			isa = XCVersionGroup;
			children = (
				4C9DE2661FEA1B4200BBF7CF /* DataModel.xcdatamodel */,
			);
			currentVersion = 4C9DE2661FEA1B4200BBF7CF /* DataModel.xcdatamodel */;
			path = DataModel.xcdatamodeld;
			sourceTree = "<group>";
			versionGroupType = wrapper.xcdatamodel;
		};
/* End XCVersionGroup section */
	};
	rootObject = 4C9DE2431FE8E15600BBF7CF /* Project object */;
}
